// !$*UTF8*$!
{
	archiveVersion = 1;
	classes = {
	};
	objectVersion = 55;
	objects = {

/* Begin PBXBuildFile section */
		1B1C47502865B27D00F007C3 /* XCTestCase+MemoryLeakTracking.swift in Sources */ = {isa = PBXBuildFile; fileRef = 1BE43FD828650ED7005074DB /* XCTestCase+MemoryLeakTracking.swift */; };
		1B1C47532884225F00F007C3 /* CacheFeedUseCaseTests.swift in Sources */ = {isa = PBXBuildFile; fileRef = 1B1C47522884225F00F007C3 /* CacheFeedUseCaseTests.swift */; };
		1BE43FB228650E56005074DB /* EssentialFeed.docc in Sources */ = {isa = PBXBuildFile; fileRef = 1BE43FB128650E56005074DB /* EssentialFeed.docc */; };
		1BE43FB828650E56005074DB /* EssentialFeed.framework in Frameworks */ = {isa = PBXBuildFile; fileRef = 1BE43FAD28650E56005074DB /* EssentialFeed.framework */; };
		1BE43FBD28650E56005074DB /* EssentialFeedTests.swift in Sources */ = {isa = PBXBuildFile; fileRef = 1BE43FBC28650E56005074DB /* EssentialFeedTests.swift */; };
		1BE43FBE28650E56005074DB /* EssentialFeed.h in Headers */ = {isa = PBXBuildFile; fileRef = 1BE43FB028650E56005074DB /* EssentialFeed.h */; settings = {ATTRIBUTES = (Public, ); }; };
		1BE43FCF28650EB0005074DB /* URLSessionHTTPClient.swift in Sources */ = {isa = PBXBuildFile; fileRef = 1BE43FC828650EB0005074DB /* URLSessionHTTPClient.swift */; };
		1BE43FD028650EB0005074DB /* FeedItemsMapper.swift in Sources */ = {isa = PBXBuildFile; fileRef = 1BE43FC928650EB0005074DB /* FeedItemsMapper.swift */; };
		1BE43FD128650EB0005074DB /* HTTPClient.swift in Sources */ = {isa = PBXBuildFile; fileRef = 1BE43FCA28650EB0005074DB /* HTTPClient.swift */; };
		1BE43FD228650EB0005074DB /* RemoteFeedLoader.swift in Sources */ = {isa = PBXBuildFile; fileRef = 1BE43FCB28650EB0005074DB /* RemoteFeedLoader.swift */; };
		1BE43FD328650EB0005074DB /* FeedLoader.swift in Sources */ = {isa = PBXBuildFile; fileRef = 1BE43FCD28650EB0005074DB /* FeedLoader.swift */; };
		1BE43FD428650EB0005074DB /* FeedItem.swift in Sources */ = {isa = PBXBuildFile; fileRef = 1BE43FCE28650EB0005074DB /* FeedItem.swift */; };
		1BE43FDA28650ED7005074DB /* RemoteFeedLoaderTests.swift in Sources */ = {isa = PBXBuildFile; fileRef = 1BE43FD628650ED7005074DB /* RemoteFeedLoaderTests.swift */; };
		1BE43FDB28650ED7005074DB /* XCTestCase+MemoryLeakTracking.swift in Sources */ = {isa = PBXBuildFile; fileRef = 1BE43FD828650ED7005074DB /* XCTestCase+MemoryLeakTracking.swift */; };
		1BE43FDC28650ED7005074DB /* URLSessionHTTPClientTests.swift in Sources */ = {isa = PBXBuildFile; fileRef = 1BE43FD928650ED7005074DB /* URLSessionHTTPClientTests.swift */; };
		1BE43FE628650F3A005074DB /* EssentialFeedAPIEndToEndTests.swift in Sources */ = {isa = PBXBuildFile; fileRef = 1BE43FE528650F3A005074DB /* EssentialFeedAPIEndToEndTests.swift */; };
		1BE43FE728650F3A005074DB /* EssentialFeed.framework in Frameworks */ = {isa = PBXBuildFile; fileRef = 1BE43FAD28650E56005074DB /* EssentialFeed.framework */; };
/* End PBXBuildFile section */

/* Begin PBXContainerItemProxy section */
		1BE43FB928650E56005074DB /* PBXContainerItemProxy */ = {
			isa = PBXContainerItemProxy;
			containerPortal = 1BE43FA428650E56005074DB /* Project object */;
			proxyType = 1;
			remoteGlobalIDString = 1BE43FAC28650E56005074DB;
			remoteInfo = EssentialFeed;
		};
		1BE43FE828650F3A005074DB /* PBXContainerItemProxy */ = {
			isa = PBXContainerItemProxy;
			containerPortal = 1BE43FA428650E56005074DB /* Project object */;
			proxyType = 1;
			remoteGlobalIDString = 1BE43FAC28650E56005074DB;
			remoteInfo = EssentialFeed;
		};
/* End PBXContainerItemProxy section */

/* Begin PBXFileReference section */
		1B1C47522884225F00F007C3 /* CacheFeedUseCaseTests.swift */ = {isa = PBXFileReference; lastKnownFileType = sourcecode.swift; path = CacheFeedUseCaseTests.swift; sourceTree = "<group>"; };
		1BE43FAD28650E56005074DB /* EssentialFeed.framework */ = {isa = PBXFileReference; explicitFileType = wrapper.framework; includeInIndex = 0; path = EssentialFeed.framework; sourceTree = BUILT_PRODUCTS_DIR; };
		1BE43FB028650E56005074DB /* EssentialFeed.h */ = {isa = PBXFileReference; lastKnownFileType = sourcecode.c.h; path = EssentialFeed.h; sourceTree = "<group>"; };
		1BE43FB128650E56005074DB /* EssentialFeed.docc */ = {isa = PBXFileReference; lastKnownFileType = folder.documentationcatalog; path = EssentialFeed.docc; sourceTree = "<group>"; };
		1BE43FB728650E56005074DB /* EssentialFeedTests.xctest */ = {isa = PBXFileReference; explicitFileType = wrapper.cfbundle; includeInIndex = 0; path = EssentialFeedTests.xctest; sourceTree = BUILT_PRODUCTS_DIR; };
		1BE43FBC28650E56005074DB /* EssentialFeedTests.swift */ = {isa = PBXFileReference; lastKnownFileType = sourcecode.swift; path = EssentialFeedTests.swift; sourceTree = "<group>"; };
		1BE43FC828650EB0005074DB /* URLSessionHTTPClient.swift */ = {isa = PBXFileReference; fileEncoding = 4; lastKnownFileType = sourcecode.swift; path = URLSessionHTTPClient.swift; sourceTree = "<group>"; };
		1BE43FC928650EB0005074DB /* FeedItemsMapper.swift */ = {isa = PBXFileReference; fileEncoding = 4; lastKnownFileType = sourcecode.swift; path = FeedItemsMapper.swift; sourceTree = "<group>"; };
		1BE43FCA28650EB0005074DB /* HTTPClient.swift */ = {isa = PBXFileReference; fileEncoding = 4; lastKnownFileType = sourcecode.swift; path = HTTPClient.swift; sourceTree = "<group>"; };
		1BE43FCB28650EB0005074DB /* RemoteFeedLoader.swift */ = {isa = PBXFileReference; fileEncoding = 4; lastKnownFileType = sourcecode.swift; path = RemoteFeedLoader.swift; sourceTree = "<group>"; };
		1BE43FCD28650EB0005074DB /* FeedLoader.swift */ = {isa = PBXFileReference; fileEncoding = 4; lastKnownFileType = sourcecode.swift; path = FeedLoader.swift; sourceTree = "<group>"; };
		1BE43FCE28650EB0005074DB /* FeedItem.swift */ = {isa = PBXFileReference; fileEncoding = 4; lastKnownFileType = sourcecode.swift; path = FeedItem.swift; sourceTree = "<group>"; };
		1BE43FD628650ED7005074DB /* RemoteFeedLoaderTests.swift */ = {isa = PBXFileReference; fileEncoding = 4; lastKnownFileType = sourcecode.swift; path = RemoteFeedLoaderTests.swift; sourceTree = "<group>"; };
		1BE43FD828650ED7005074DB /* XCTestCase+MemoryLeakTracking.swift */ = {isa = PBXFileReference; fileEncoding = 4; lastKnownFileType = sourcecode.swift; path = "XCTestCase+MemoryLeakTracking.swift"; sourceTree = "<group>"; };
		1BE43FD928650ED7005074DB /* URLSessionHTTPClientTests.swift */ = {isa = PBXFileReference; fileEncoding = 4; lastKnownFileType = sourcecode.swift; path = URLSessionHTTPClientTests.swift; sourceTree = "<group>"; };
		1BE43FE328650F3A005074DB /* EssentialFeedAPIEndToEndTests.xctest */ = {isa = PBXFileReference; explicitFileType = wrapper.cfbundle; includeInIndex = 0; path = EssentialFeedAPIEndToEndTests.xctest; sourceTree = BUILT_PRODUCTS_DIR; };
		1BE43FE528650F3A005074DB /* EssentialFeedAPIEndToEndTests.swift */ = {isa = PBXFileReference; lastKnownFileType = sourcecode.swift; path = EssentialFeedAPIEndToEndTests.swift; sourceTree = "<group>"; };
/* End PBXFileReference section */

/* Begin PBXFrameworksBuildPhase section */
		1BE43FAA28650E56005074DB /* Frameworks */ = {
			isa = PBXFrameworksBuildPhase;
			buildActionMask = 2147483647;
			files = (
			);
			runOnlyForDeploymentPostprocessing = 0;
		};
		1BE43FB428650E56005074DB /* Frameworks */ = {
			isa = PBXFrameworksBuildPhase;
			buildActionMask = 2147483647;
			files = (
				1BE43FB828650E56005074DB /* EssentialFeed.framework in Frameworks */,
			);
			runOnlyForDeploymentPostprocessing = 0;
		};
		1BE43FE028650F3A005074DB /* Frameworks */ = {
			isa = PBXFrameworksBuildPhase;
			buildActionMask = 2147483647;
			files = (
				1BE43FE728650F3A005074DB /* EssentialFeed.framework in Frameworks */,
			);
			runOnlyForDeploymentPostprocessing = 0;
		};
/* End PBXFrameworksBuildPhase section */

/* Begin PBXGroup section */
		1B1C47512884223800F007C3 /* FeedCache */ = {
			isa = PBXGroup;
			children = (
				1B1C47522884225F00F007C3 /* CacheFeedUseCaseTests.swift */,
			);
			path = FeedCache;
			sourceTree = "<group>";
		};
		1BE43FA328650E56005074DB = {
			isa = PBXGroup;
			children = (
				1BE43FAF28650E56005074DB /* EssentialFeed */,
				1BE43FBB28650E56005074DB /* EssentialFeedTests */,
				1BE43FE428650F3A005074DB /* EssentialFeedAPIEndToEndTests */,
				1BE43FAE28650E56005074DB /* Products */,
			);
			sourceTree = "<group>";
		};
		1BE43FAE28650E56005074DB /* Products */ = {
			isa = PBXGroup;
			children = (
				1BE43FAD28650E56005074DB /* EssentialFeed.framework */,
				1BE43FB728650E56005074DB /* EssentialFeedTests.xctest */,
				1BE43FE328650F3A005074DB /* EssentialFeedAPIEndToEndTests.xctest */,
			);
			name = Products;
			sourceTree = "<group>";
		};
		1BE43FAF28650E56005074DB /* EssentialFeed */ = {
			isa = PBXGroup;
			children = (
				1BE43FC728650EB0005074DB /* FeedAPI */,
				1BE43FCC28650EB0005074DB /* Feedfeature */,
				1BE43FB028650E56005074DB /* EssentialFeed.h */,
				1BE43FB128650E56005074DB /* EssentialFeed.docc */,
			);
			path = EssentialFeed;
			sourceTree = "<group>";
		};
		1BE43FBB28650E56005074DB /* EssentialFeedTests */ = {
			isa = PBXGroup;
			children = (
				1BE43FD728650ED7005074DB /* Helpers */,
				1B1C47512884223800F007C3 /* FeedCache */,
				1BE43FD528650ED7005074DB /* FeedAPI */,
				1BE43FBC28650E56005074DB /* EssentialFeedTests.swift */,
			);
			path = EssentialFeedTests;
			sourceTree = "<group>";
		};
		1BE43FC728650EB0005074DB /* FeedAPI */ = {
			isa = PBXGroup;
			children = (
				1BE43FC828650EB0005074DB /* URLSessionHTTPClient.swift */,
				1BE43FC928650EB0005074DB /* FeedItemsMapper.swift */,
				1BE43FCA28650EB0005074DB /* HTTPClient.swift */,
				1BE43FCB28650EB0005074DB /* RemoteFeedLoader.swift */,
			);
			path = FeedAPI;
			sourceTree = "<group>";
		};
		1BE43FCC28650EB0005074DB /* Feedfeature */ = {
			isa = PBXGroup;
			children = (
				1BE43FCD28650EB0005074DB /* FeedLoader.swift */,
				1BE43FCE28650EB0005074DB /* FeedItem.swift */,
			);
			path = Feedfeature;
			sourceTree = "<group>";
		};
		1BE43FD528650ED7005074DB /* FeedAPI */ = {
			isa = PBXGroup;
			children = (
				1BE43FD628650ED7005074DB /* RemoteFeedLoaderTests.swift */,
				1BE43FD928650ED7005074DB /* URLSessionHTTPClientTests.swift */,
			);
			path = FeedAPI;
			sourceTree = "<group>";
		};
		1BE43FD728650ED7005074DB /* Helpers */ = {
			isa = PBXGroup;
			children = (
				1BE43FD828650ED7005074DB /* XCTestCase+MemoryLeakTracking.swift */,
			);
			path = Helpers;
			sourceTree = "<group>";
		};
		1BE43FE428650F3A005074DB /* EssentialFeedAPIEndToEndTests */ = {
			isa = PBXGroup;
			children = (
				1BE43FE528650F3A005074DB /* EssentialFeedAPIEndToEndTests.swift */,
			);
			path = EssentialFeedAPIEndToEndTests;
			sourceTree = "<group>";
		};
/* End PBXGroup section */

/* Begin PBXHeadersBuildPhase section */
		1BE43FA828650E56005074DB /* Headers */ = {
			isa = PBXHeadersBuildPhase;
			buildActionMask = 2147483647;
			files = (
				1BE43FBE28650E56005074DB /* EssentialFeed.h in Headers */,
			);
			runOnlyForDeploymentPostprocessing = 0;
		};
/* End PBXHeadersBuildPhase section */

/* Begin PBXNativeTarget section */
		1BE43FAC28650E56005074DB /* EssentialFeed */ = {
			isa = PBXNativeTarget;
			buildConfigurationList = 1BE43FC128650E56005074DB /* Build configuration list for PBXNativeTarget "EssentialFeed" */;
			buildPhases = (
				1BE43FA828650E56005074DB /* Headers */,
				1BE43FA928650E56005074DB /* Sources */,
				1BE43FAA28650E56005074DB /* Frameworks */,
				1BE43FAB28650E56005074DB /* Resources */,
			);
			buildRules = (
			);
			dependencies = (
			);
			name = EssentialFeed;
			productName = EssentialFeed;
			productReference = 1BE43FAD28650E56005074DB /* EssentialFeed.framework */;
			productType = "com.apple.product-type.framework";
		};
		1BE43FB628650E56005074DB /* EssentialFeedTests */ = {
			isa = PBXNativeTarget;
			buildConfigurationList = 1BE43FC428650E56005074DB /* Build configuration list for PBXNativeTarget "EssentialFeedTests" */;
			buildPhases = (
				1BE43FB328650E56005074DB /* Sources */,
				1BE43FB428650E56005074DB /* Frameworks */,
				1BE43FB528650E56005074DB /* Resources */,
			);
			buildRules = (
			);
			dependencies = (
				1BE43FBA28650E56005074DB /* PBXTargetDependency */,
			);
			name = EssentialFeedTests;
			productName = EssentialFeedTests;
			productReference = 1BE43FB728650E56005074DB /* EssentialFeedTests.xctest */;
			productType = "com.apple.product-type.bundle.unit-test";
		};
		1BE43FE228650F3A005074DB /* EssentialFeedAPIEndToEndTests */ = {
			isa = PBXNativeTarget;
			buildConfigurationList = 1BE43FEA28650F3A005074DB /* Build configuration list for PBXNativeTarget "EssentialFeedAPIEndToEndTests" */;
			buildPhases = (
				1BE43FDF28650F3A005074DB /* Sources */,
				1BE43FE028650F3A005074DB /* Frameworks */,
				1BE43FE128650F3A005074DB /* Resources */,
			);
			buildRules = (
			);
			dependencies = (
				1BE43FE928650F3A005074DB /* PBXTargetDependency */,
			);
			name = EssentialFeedAPIEndToEndTests;
			productName = EssentialFeedAPIEndToEndTests;
			productReference = 1BE43FE328650F3A005074DB /* EssentialFeedAPIEndToEndTests.xctest */;
			productType = "com.apple.product-type.bundle.unit-test";
		};
/* End PBXNativeTarget section */

/* Begin PBXProject section */
		1BE43FA428650E56005074DB /* Project object */ = {
			isa = PBXProject;
			attributes = {
				BuildIndependentTargetsInParallel = 1;
				LastSwiftUpdateCheck = 1330;
				LastUpgradeCheck = 1330;
				TargetAttributes = {
					1BE43FAC28650E56005074DB = {
						CreatedOnToolsVersion = 13.3.1;
					};
					1BE43FB628650E56005074DB = {
						CreatedOnToolsVersion = 13.3.1;
					};
					1BE43FE228650F3A005074DB = {
						CreatedOnToolsVersion = 13.3.1;
					};
				};
			};
			buildConfigurationList = 1BE43FA728650E56005074DB /* Build configuration list for PBXProject "EssentialFeed" */;
			compatibilityVersion = "Xcode 13.0";
			developmentRegion = en;
			hasScannedForEncodings = 0;
			knownRegions = (
				en,
				Base,
			);
			mainGroup = 1BE43FA328650E56005074DB;
			productRefGroup = 1BE43FAE28650E56005074DB /* Products */;
			projectDirPath = "";
			projectRoot = "";
			targets = (
				1BE43FAC28650E56005074DB /* EssentialFeed */,
				1BE43FB628650E56005074DB /* EssentialFeedTests */,
				1BE43FE228650F3A005074DB /* EssentialFeedAPIEndToEndTests */,
			);
		};
/* End PBXProject section */

/* Begin PBXResourcesBuildPhase section */
		1BE43FAB28650E56005074DB /* Resources */ = {
			isa = PBXResourcesBuildPhase;
			buildActionMask = 2147483647;
			files = (
			);
			runOnlyForDeploymentPostprocessing = 0;
		};
		1BE43FB528650E56005074DB /* Resources */ = {
			isa = PBXResourcesBuildPhase;
			buildActionMask = 2147483647;
			files = (
			);
			runOnlyForDeploymentPostprocessing = 0;
		};
		1BE43FE128650F3A005074DB /* Resources */ = {
			isa = PBXResourcesBuildPhase;
			buildActionMask = 2147483647;
			files = (
			);
			runOnlyForDeploymentPostprocessing = 0;
		};
/* End PBXResourcesBuildPhase section */

/* Begin PBXSourcesBuildPhase section */
		1BE43FA928650E56005074DB /* Sources */ = {
			isa = PBXSourcesBuildPhase;
			buildActionMask = 2147483647;
			files = (
				1BE43FD328650EB0005074DB /* FeedLoader.swift in Sources */,
				1BE43FD028650EB0005074DB /* FeedItemsMapper.swift in Sources */,
				1BE43FB228650E56005074DB /* EssentialFeed.docc in Sources */,
				1BE43FD128650EB0005074DB /* HTTPClient.swift in Sources */,
				1BE43FD228650EB0005074DB /* RemoteFeedLoader.swift in Sources */,
				1BE43FD428650EB0005074DB /* FeedItem.swift in Sources */,
				1BE43FCF28650EB0005074DB /* URLSessionHTTPClient.swift in Sources */,
			);
			runOnlyForDeploymentPostprocessing = 0;
		};
		1BE43FB328650E56005074DB /* Sources */ = {
			isa = PBXSourcesBuildPhase;
			buildActionMask = 2147483647;
			files = (
				1BE43FDA28650ED7005074DB /* RemoteFeedLoaderTests.swift in Sources */,
				1BE43FBD28650E56005074DB /* EssentialFeedTests.swift in Sources */,
				1BE43FDB28650ED7005074DB /* XCTestCase+MemoryLeakTracking.swift in Sources */,
				1B1C47532884225F00F007C3 /* CacheFeedUseCaseTests.swift in Sources */,
				1BE43FDC28650ED7005074DB /* URLSessionHTTPClientTests.swift in Sources */,
			);
			runOnlyForDeploymentPostprocessing = 0;
		};
		1BE43FDF28650F3A005074DB /* Sources */ = {
			isa = PBXSourcesBuildPhase;
			buildActionMask = 2147483647;
			files = (
				1BE43FE628650F3A005074DB /* EssentialFeedAPIEndToEndTests.swift in Sources */,
				1B1C47502865B27D00F007C3 /* XCTestCase+MemoryLeakTracking.swift in Sources */,
			);
			runOnlyForDeploymentPostprocessing = 0;
		};
/* End PBXSourcesBuildPhase section */

/* Begin PBXTargetDependency section */
		1BE43FBA28650E56005074DB /* PBXTargetDependency */ = {
			isa = PBXTargetDependency;
			target = 1BE43FAC28650E56005074DB /* EssentialFeed */;
			targetProxy = 1BE43FB928650E56005074DB /* PBXContainerItemProxy */;
		};
		1BE43FE928650F3A005074DB /* PBXTargetDependency */ = {
			isa = PBXTargetDependency;
			target = 1BE43FAC28650E56005074DB /* EssentialFeed */;
			targetProxy = 1BE43FE828650F3A005074DB /* PBXContainerItemProxy */;
		};
/* End PBXTargetDependency section */

/* Begin XCBuildConfiguration section */
		1BE43FBF28650E56005074DB /* Debug */ = {
			isa = XCBuildConfiguration;
			buildSettings = {
				ALWAYS_SEARCH_USER_PATHS = NO;
				CLANG_ANALYZER_NONNULL = YES;
				CLANG_ANALYZER_NUMBER_OBJECT_CONVERSION = YES_AGGRESSIVE;
				CLANG_CXX_LANGUAGE_STANDARD = "gnu++17";
				CLANG_ENABLE_MODULES = YES;
				CLANG_ENABLE_OBJC_ARC = YES;
				CLANG_ENABLE_OBJC_WEAK = YES;
				CLANG_WARN_BLOCK_CAPTURE_AUTORELEASING = YES;
				CLANG_WARN_BOOL_CONVERSION = YES;
				CLANG_WARN_COMMA = YES;
				CLANG_WARN_CONSTANT_CONVERSION = YES;
				CLANG_WARN_DEPRECATED_OBJC_IMPLEMENTATIONS = YES;
				CLANG_WARN_DIRECT_OBJC_ISA_USAGE = YES_ERROR;
				CLANG_WARN_DOCUMENTATION_COMMENTS = YES;
				CLANG_WARN_EMPTY_BODY = YES;
				CLANG_WARN_ENUM_CONVERSION = YES;
				CLANG_WARN_INFINITE_RECURSION = YES;
				CLANG_WARN_INT_CONVERSION = YES;
				CLANG_WARN_NON_LITERAL_NULL_CONVERSION = YES;
				CLANG_WARN_OBJC_IMPLICIT_RETAIN_SELF = YES;
				CLANG_WARN_OBJC_LITERAL_CONVERSION = YES;
				CLANG_WARN_OBJC_ROOT_CLASS = YES_ERROR;
				CLANG_WARN_QUOTED_INCLUDE_IN_FRAMEWORK_HEADER = YES;
				CLANG_WARN_RANGE_LOOP_ANALYSIS = YES;
				CLANG_WARN_STRICT_PROTOTYPES = YES;
				CLANG_WARN_SUSPICIOUS_MOVE = YES;
				CLANG_WARN_UNGUARDED_AVAILABILITY = YES_AGGRESSIVE;
				CLANG_WARN_UNREACHABLE_CODE = YES;
				CLANG_WARN__DUPLICATE_METHOD_MATCH = YES;
				COPY_PHASE_STRIP = NO;
				CURRENT_PROJECT_VERSION = 1;
				DEBUG_INFORMATION_FORMAT = dwarf;
				ENABLE_STRICT_OBJC_MSGSEND = YES;
				ENABLE_TESTABILITY = YES;
				GCC_C_LANGUAGE_STANDARD = gnu11;
				GCC_DYNAMIC_NO_PIC = NO;
				GCC_NO_COMMON_BLOCKS = YES;
				GCC_OPTIMIZATION_LEVEL = 0;
				GCC_PREPROCESSOR_DEFINITIONS = (
					"DEBUG=1",
					"$(inherited)",
				);
				GCC_WARN_64_TO_32_BIT_CONVERSION = YES;
				GCC_WARN_ABOUT_RETURN_TYPE = YES_ERROR;
				GCC_WARN_UNDECLARED_SELECTOR = YES;
				GCC_WARN_UNINITIALIZED_AUTOS = YES_AGGRESSIVE;
				GCC_WARN_UNUSED_FUNCTION = YES;
				GCC_WARN_UNUSED_VARIABLE = YES;
				MACOSX_DEPLOYMENT_TARGET = 12.3;
				MTL_ENABLE_DEBUG_INFO = INCLUDE_SOURCE;
				MTL_FAST_MATH = YES;
				ONLY_ACTIVE_ARCH = YES;
				SDKROOT = macosx;
				SWIFT_ACTIVE_COMPILATION_CONDITIONS = DEBUG;
				SWIFT_OPTIMIZATION_LEVEL = "-Onone";
				VERSIONING_SYSTEM = "apple-generic";
				VERSION_INFO_PREFIX = "";
			};
			name = Debug;
		};
		1BE43FC028650E56005074DB /* Release */ = {
			isa = XCBuildConfiguration;
			buildSettings = {
				ALWAYS_SEARCH_USER_PATHS = NO;
				CLANG_ANALYZER_NONNULL = YES;
				CLANG_ANALYZER_NUMBER_OBJECT_CONVERSION = YES_AGGRESSIVE;
				CLANG_CXX_LANGUAGE_STANDARD = "gnu++17";
				CLANG_ENABLE_MODULES = YES;
				CLANG_ENABLE_OBJC_ARC = YES;
				CLANG_ENABLE_OBJC_WEAK = YES;
				CLANG_WARN_BLOCK_CAPTURE_AUTORELEASING = YES;
				CLANG_WARN_BOOL_CONVERSION = YES;
				CLANG_WARN_COMMA = YES;
				CLANG_WARN_CONSTANT_CONVERSION = YES;
				CLANG_WARN_DEPRECATED_OBJC_IMPLEMENTATIONS = YES;
				CLANG_WARN_DIRECT_OBJC_ISA_USAGE = YES_ERROR;
				CLANG_WARN_DOCUMENTATION_COMMENTS = YES;
				CLANG_WARN_EMPTY_BODY = YES;
				CLANG_WARN_ENUM_CONVERSION = YES;
				CLANG_WARN_INFINITE_RECURSION = YES;
				CLANG_WARN_INT_CONVERSION = YES;
				CLANG_WARN_NON_LITERAL_NULL_CONVERSION = YES;
				CLANG_WARN_OBJC_IMPLICIT_RETAIN_SELF = YES;
				CLANG_WARN_OBJC_LITERAL_CONVERSION = YES;
				CLANG_WARN_OBJC_ROOT_CLASS = YES_ERROR;
				CLANG_WARN_QUOTED_INCLUDE_IN_FRAMEWORK_HEADER = YES;
				CLANG_WARN_RANGE_LOOP_ANALYSIS = YES;
				CLANG_WARN_STRICT_PROTOTYPES = YES;
				CLANG_WARN_SUSPICIOUS_MOVE = YES;
				CLANG_WARN_UNGUARDED_AVAILABILITY = YES_AGGRESSIVE;
				CLANG_WARN_UNREACHABLE_CODE = YES;
				CLANG_WARN__DUPLICATE_METHOD_MATCH = YES;
				COPY_PHASE_STRIP = NO;
				CURRENT_PROJECT_VERSION = 1;
				DEBUG_INFORMATION_FORMAT = "dwarf-with-dsym";
				ENABLE_NS_ASSERTIONS = NO;
				ENABLE_STRICT_OBJC_MSGSEND = YES;
				GCC_C_LANGUAGE_STANDARD = gnu11;
				GCC_NO_COMMON_BLOCKS = YES;
				GCC_WARN_64_TO_32_BIT_CONVERSION = YES;
				GCC_WARN_ABOUT_RETURN_TYPE = YES_ERROR;
				GCC_WARN_UNDECLARED_SELECTOR = YES;
				GCC_WARN_UNINITIALIZED_AUTOS = YES_AGGRESSIVE;
				GCC_WARN_UNUSED_FUNCTION = YES;
				GCC_WARN_UNUSED_VARIABLE = YES;
				MACOSX_DEPLOYMENT_TARGET = 12.3;
				MTL_ENABLE_DEBUG_INFO = NO;
				MTL_FAST_MATH = YES;
				SDKROOT = macosx;
				SWIFT_COMPILATION_MODE = wholemodule;
				SWIFT_OPTIMIZATION_LEVEL = "-O";
				VERSIONING_SYSTEM = "apple-generic";
				VERSION_INFO_PREFIX = "";
			};
			name = Release;
		};
		1BE43FC228650E56005074DB /* Debug */ = {
			isa = XCBuildConfiguration;
			buildSettings = {
				CODE_SIGN_STYLE = Automatic;
				COMBINE_HIDPI_IMAGES = YES;
				CURRENT_PROJECT_VERSION = 1;
				DEFINES_MODULE = YES;
				DEVELOPMENT_TEAM = 2FP92Z44M9;
				DYLIB_COMPATIBILITY_VERSION = 1;
				DYLIB_CURRENT_VERSION = 1;
				DYLIB_INSTALL_NAME_BASE = "@rpath";
				GENERATE_INFOPLIST_FILE = YES;
				INFOPLIST_KEY_NSHumanReadableCopyright = "";
				INSTALL_PATH = "$(LOCAL_LIBRARY_DIR)/Frameworks";
				LD_RUNPATH_SEARCH_PATHS = (
					"$(inherited)",
					"@executable_path/../Frameworks",
					"@loader_path/Frameworks",
				);
				MACOSX_DEPLOYMENT_TARGET = 12.0;
				MARKETING_VERSION = 1.0;
				PRODUCT_BUNDLE_IDENTIFIER = com.essentialfeed.identifier.EssentialFeed;
				PRODUCT_NAME = "$(TARGET_NAME:c99extidentifier)";
				SKIP_INSTALL = YES;
				SWIFT_EMIT_LOC_STRINGS = YES;
				SWIFT_VERSION = 5.0;
			};
			name = Debug;
		};
		1BE43FC328650E56005074DB /* Release */ = {
			isa = XCBuildConfiguration;
			buildSettings = {
				CODE_SIGN_STYLE = Automatic;
				COMBINE_HIDPI_IMAGES = YES;
				CURRENT_PROJECT_VERSION = 1;
				DEFINES_MODULE = YES;
				DEVELOPMENT_TEAM = 2FP92Z44M9;
				DYLIB_COMPATIBILITY_VERSION = 1;
				DYLIB_CURRENT_VERSION = 1;
				DYLIB_INSTALL_NAME_BASE = "@rpath";
				GENERATE_INFOPLIST_FILE = YES;
				INFOPLIST_KEY_NSHumanReadableCopyright = "";
				INSTALL_PATH = "$(LOCAL_LIBRARY_DIR)/Frameworks";
				LD_RUNPATH_SEARCH_PATHS = (
					"$(inherited)",
					"@executable_path/../Frameworks",
					"@loader_path/Frameworks",
				);
				MACOSX_DEPLOYMENT_TARGET = 12.0;
				MARKETING_VERSION = 1.0;
				PRODUCT_BUNDLE_IDENTIFIER = com.essentialfeed.identifier.EssentialFeed;
				PRODUCT_NAME = "$(TARGET_NAME:c99extidentifier)";
				SKIP_INSTALL = YES;
				SWIFT_EMIT_LOC_STRINGS = YES;
				SWIFT_VERSION = 5.0;
			};
			name = Release;
		};
		1BE43FC528650E56005074DB /* Debug */ = {
			isa = XCBuildConfiguration;
			buildSettings = {
				ALWAYS_EMBED_SWIFT_STANDARD_LIBRARIES = YES;
				CODE_SIGN_STYLE = Automatic;
				CURRENT_PROJECT_VERSION = 1;
				DEVELOPMENT_TEAM = 2FP92Z44M9;
				GENERATE_INFOPLIST_FILE = YES;
				MACOSX_DEPLOYMENT_TARGET = 12.0;
				MARKETING_VERSION = 1.0;
				PRODUCT_BUNDLE_IDENTIFIER = com.essentialfeed.identifier.EssentialFeedTests;
				PRODUCT_NAME = "$(TARGET_NAME)";
				SWIFT_EMIT_LOC_STRINGS = NO;
				SWIFT_VERSION = 5.0;
			};
			name = Debug;
		};
		1BE43FC628650E56005074DB /* Release */ = {
			isa = XCBuildConfiguration;
			buildSettings = {
				ALWAYS_EMBED_SWIFT_STANDARD_LIBRARIES = YES;
				CODE_SIGN_STYLE = Automatic;
				CURRENT_PROJECT_VERSION = 1;
				DEVELOPMENT_TEAM = 2FP92Z44M9;
				GENERATE_INFOPLIST_FILE = YES;
				MACOSX_DEPLOYMENT_TARGET = 12.0;
				MARKETING_VERSION = 1.0;
				PRODUCT_BUNDLE_IDENTIFIER = com.essentialfeed.identifier.EssentialFeedTests;
				PRODUCT_NAME = "$(TARGET_NAME)";
				SWIFT_EMIT_LOC_STRINGS = NO;
				SWIFT_VERSION = 5.0;
			};
			name = Release;
		};
		1BE43FEB28650F3A005074DB /* Debug */ = {
			isa = XCBuildConfiguration;
			buildSettings = {
				CODE_SIGN_STYLE = Automatic;
				CURRENT_PROJECT_VERSION = 1;
				DEVELOPMENT_TEAM = 2FP92Z44M9;
				GENERATE_INFOPLIST_FILE = YES;
				MACOSX_DEPLOYMENT_TARGET = 12.0;
				MARKETING_VERSION = 1.0;
				PRODUCT_BUNDLE_IDENTIFIER = com.essentialfeed.identifier.EssentialFeedAPIEndToEndTests;
				PRODUCT_NAME = "$(TARGET_NAME)";
				SWIFT_EMIT_LOC_STRINGS = NO;
				SWIFT_VERSION = 5.0;
			};
			name = Debug;
		};
		1BE43FEC28650F3A005074DB /* Release */ = {
			isa = XCBuildConfiguration;
			buildSettings = {
				CODE_SIGN_STYLE = Automatic;
				CURRENT_PROJECT_VERSION = 1;
				DEVELOPMENT_TEAM = 2FP92Z44M9;
				GENERATE_INFOPLIST_FILE = YES;
				MACOSX_DEPLOYMENT_TARGET = 12.0;
				MARKETING_VERSION = 1.0;
				PRODUCT_BUNDLE_IDENTIFIER = com.essentialfeed.identifier.EssentialFeedAPIEndToEndTests;
				PRODUCT_NAME = "$(TARGET_NAME)";
				SWIFT_EMIT_LOC_STRINGS = NO;
				SWIFT_VERSION = 5.0;
			};
			name = Release;
		};
/* End XCBuildConfiguration section */

/* Begin XCConfigurationList section */
		1BE43FA728650E56005074DB /* Build configuration list for PBXProject "EssentialFeed" */ = {
			isa = XCConfigurationList;
			buildConfigurations = (
				1BE43FBF28650E56005074DB /* Debug */,
				1BE43FC028650E56005074DB /* Release */,
			);
			defaultConfigurationIsVisible = 0;
			defaultConfigurationName = Release;
		};
		1BE43FC128650E56005074DB /* Build configuration list for PBXNativeTarget "EssentialFeed" */ = {
			isa = XCConfigurationList;
			buildConfigurations = (
				1BE43FC228650E56005074DB /* Debug */,
				1BE43FC328650E56005074DB /* Release */,
			);
			defaultConfigurationIsVisible = 0;
			defaultConfigurationName = Release;
		};
		1BE43FC428650E56005074DB /* Build configuration list for PBXNativeTarget "EssentialFeedTests" */ = {
			isa = XCConfigurationList;
			buildConfigurations = (
				1BE43FC528650E56005074DB /* Debug */,
				1BE43FC628650E56005074DB /* Release */,
			);
			defaultConfigurationIsVisible = 0;
			defaultConfigurationName = Release;
		};
		1BE43FEA28650F3A005074DB /* Build configuration list for PBXNativeTarget "EssentialFeedAPIEndToEndTests" */ = {
			isa = XCConfigurationList;
			buildConfigurations = (
				1BE43FEB28650F3A005074DB /* Debug */,
				1BE43FEC28650F3A005074DB /* Release */,
			);
			defaultConfigurationIsVisible = 0;
			defaultConfigurationName = Release;
		};
/* End XCConfigurationList section */
	};
	rootObject = 1BE43FA428650E56005074DB /* Project object */;
}
